
Microsoft Visual Studio Solution File, Format Version 12.00
# Visual Studio Version 16
VisualStudioVersion = 16.0.31702.278
MinimumVisualStudioVersion = 10.0.40219.1
Project("{FAE04EC0-301F-11D3-BF4B-00C04F79EFBC}") = "MarsRover.Core", "MarsRover.Core\MarsRover.Core.csproj", "{2657581C-9904-4CCF-8C85-556E7A2864E9}"
EndProject
Project("{FAE04EC0-301F-11D3-BF4B-00C04F79EFBC}") = "Test(cancellami)", "Test(cancellami)\Test(cancellami).csproj", "{E0D67303-85D5-4E93-8FD6-76B448F36881}"
EndProject
Project("{FAE04EC0-301F-11D3-BF4B-00C04F79EFBC}") = "MarsRover.Model", "MarsRover.Model\MarsRover.Model.csproj", "{6E6E027A-A100-4B68-B4E2-E829E4B15B6D}"
EndProject
Project("{FAE04EC0-301F-11D3-BF4B-00C04F79EFBC}") = "MarsRover.Reader", "MarsRover.Reader\MarsRover.Reader.csproj", "{2241DDB9-54BE-47F8-ACDC-6D21BBA1721D}"
EndProject
Project("{FAE04EC0-301F-11D3-BF4B-00C04F79EFBC}") = "MarsRover.Writer", "MarsRover.Writer\MarsRover.Writer.csproj", "{98FE15A5-C25C-4835-B4B0-AB9BF1A475DC}"
EndProject
Project("{FAE04EC0-301F-11D3-BF4B-00C04F79EFBC}") = "MarsRover.MapCore", "MarsRover.MapCore\MarsRover.MapCore.csproj", "{0CB7661B-333D-407A-B1D1-115E1BCC750C}"
EndProject
Global
	GlobalSection(SolutionConfigurationPlatforms) = preSolution
		Debug|Any CPU = Debug|Any CPU
		Release|Any CPU = Release|Any CPU
	EndGlobalSection
	GlobalSection(ProjectConfigurationPlatforms) = postSolution
		{2657581C-9904-4CCF-8C85-556E7A2864E9}.Debug|Any CPU.ActiveCfg = Debug|Any CPU
		{2657581C-9904-4CCF-8C85-556E7A2864E9}.Debug|Any CPU.Build.0 = Debug|Any CPU
		{2657581C-9904-4CCF-8C85-556E7A2864E9}.Release|Any CPU.ActiveCfg = Release|Any CPU
		{2657581C-9904-4CCF-8C85-556E7A2864E9}.Release|Any CPU.Build.0 = Release|Any CPU
		{E0D67303-85D5-4E93-8FD6-76B448F36881}.Debug|Any CPU.ActiveCfg = Debug|Any CPU
		{E0D67303-85D5-4E93-8FD6-76B448F36881}.Debug|Any CPU.Build.0 = Debug|Any CPU
		{E0D67303-85D5-4E93-8FD6-76B448F36881}.Release|Any CPU.ActiveCfg = Release|Any CPU
		{E0D67303-85D5-4E93-8FD6-76B448F36881}.Release|Any CPU.Build.0 = Release|Any CPU
		{6E6E027A-A100-4B68-B4E2-E829E4B15B6D}.Debug|Any CPU.ActiveCfg = Debug|Any CPU
		{6E6E027A-A100-4B68-B4E2-E829E4B15B6D}.Debug|Any CPU.Build.0 = Debug|Any CPU
		{6E6E027A-A100-4B68-B4E2-E829E4B15B6D}.Release|Any CPU.ActiveCfg = Release|Any CPU
		{6E6E027A-A100-4B68-B4E2-E829E4B15B6D}.Release|Any CPU.Build.0 = Release|Any CPU
		{2241DDB9-54BE-47F8-ACDC-6D21BBA1721D}.Debug|Any CPU.ActiveCfg = Debug|Any CPU
		{2241DDB9-54BE-47F8-ACDC-6D21BBA1721D}.Debug|Any CPU.Build.0 = Debug|Any CPU
		{2241DDB9-54BE-47F8-ACDC-6D21BBA1721D}.Release|Any CPU.ActiveCfg = Release|Any CPU
		{2241DDB9-54BE-47F8-ACDC-6D21BBA1721D}.Release|Any CPU.Build.0 = Release|Any CPU
		{98FE15A5-C25C-4835-B4B0-AB9BF1A475DC}.Debug|Any CPU.ActiveCfg = Debug|Any CPU
		{98FE15A5-C25C-4835-B4B0-AB9BF1A475DC}.Debug|Any CPU.Build.0 = Debug|Any CPU
		{98FE15A5-C25C-4835-B4B0-AB9BF1A475DC}.Release|Any CPU.ActiveCfg = Release|Any CPU
		{98FE15A5-C25C-4835-B4B0-AB9BF1A475DC}.Release|Any CPU.Build.0 = Release|Any CPU
		{0CB7661B-333D-407A-B1D1-115E1BCC750C}.Debug|Any CPU.ActiveCfg = Debug|Any CPU
		{0CB7661B-333D-407A-B1D1-115E1BCC750C}.Debug|Any CPU.Build.0 = Debug|Any CPU
		{0CB7661B-333D-407A-B1D1-115E1BCC750C}.Release|Any CPU.ActiveCfg = Release|Any CPU
		{0CB7661B-333D-407A-B1D1-115E1BCC750C}.Release|Any CPU.Build.0 = Release|Any CPU
	EndGlobalSection
	GlobalSection(SolutionProperties) = preSolution
		HideSolutionNode = FALSE
	EndGlobalSection
	GlobalSection(ExtensibilityGlobals) = postSolution
		SolutionGuid = {F986EFB1-B9C5-4F2E-B6A3-B4152D110029}
	EndGlobalSection
EndGlobal
